{"version":4,"terraform_version":"1.8.5","serial":5,"lineage":"f326e17f-c1af-f4e0-59ac-681913fd0a93","outputs":{},"resources":[{"mode":"managed","type":"digitalocean_droplet","name":"web","provider":"provider[\"registry.opentofu.org/digitalocean/digitalocean\"]","instances":[{"schema_version":1,"attributes":{"backup_policy":[],"backups":false,"created_at":"2024-11-20T06:44:15Z","disk":25,"droplet_agent":null,"graceful_shutdown":false,"id":"458813280","image":"ubuntu-20-04-x64","ipv4_address":"162.243.119.140","ipv4_address_private":"10.100.0.2","ipv6":false,"ipv6_address":"","locked":false,"memory":1024,"monitoring":false,"name":"web-1","price_hourly":0.00893,"price_monthly":6,"private_networking":true,"region":"nyc2","resize_disk":true,"size":"s-1vcpu-1gb","ssh_keys":null,"status":"active","tags":[],"timeouts":null,"urn":"do:droplet:458813280","user_data":null,"vcpus":1,"volume_ids":[],"vpc_uuid":"2141b224-d97f-4d74-8de6-addf4d09bb2a"},"sensitive_attributes":[],"private":"eyJlMmJmYjczMC1lY2FhLTExZTYtOGY4OC0zNDM2M2JjN2M0YzAiOnsiY3JlYXRlIjozNjAwMDAwMDAwMDAwLCJkZWxldGUiOjYwMDAwMDAwMDAwLCJ1cGRhdGUiOjM2MDAwMDAwMDAwMDB9LCJzY2hlbWFfdmVyc2lvbiI6IjEifQ=="}]},{"mode":"managed","type":"digitalocean_firewall","name":"web","provider":"provider[\"registry.opentofu.org/digitalocean/digitalocean\"]","instances":[{"schema_version":0,"attributes":{"created_at":"2024-11-20T06:47:20Z","droplet_ids":[458813280],"id":"9e1e6473-33c0-4076-b982-5cf6bf4eda82","inbound_rule":[{"port_range":"","protocol":"icmp","source_addresses":["0.0.0.0/0","::/0"],"source_droplet_ids":[],"source_kubernetes_ids":[],"source_load_balancer_uids":[],"source_tags":[]},{"port_range":"22","protocol":"tcp","source_addresses":["192.168.1.0/24","2002:1:2::/48"],"source_droplet_ids":[],"source_kubernetes_ids":[],"source_load_balancer_uids":[],"source_tags":[]},{"port_range":"443","protocol":"tcp","source_addresses":["0.0.0.0/0","::/0"],"source_droplet_ids":[],"source_kubernetes_ids":[],"source_load_balancer_uids":[],"source_tags":[]},{"port_range":"80","protocol":"tcp","source_addresses":["0.0.0.0/0","::/0"],"source_droplet_ids":[],"source_kubernetes_ids":[],"source_load_balancer_uids":[],"source_tags":[]}],"name":"only-22-80-and-443","outbound_rule":[{"destination_addresses":["0.0.0.0/0","::/0"],"destination_droplet_ids":[],"destination_kubernetes_ids":[],"destination_load_balancer_uids":[],"destination_tags":[],"port_range":"","protocol":"icmp"},{"destination_addresses":["0.0.0.0/0","::/0"],"destination_droplet_ids":[],"destination_kubernetes_ids":[],"destination_load_balancer_uids":[],"destination_tags":[],"port_range":"53","protocol":"tcp"},{"destination_addresses":["0.0.0.0/0","::/0"],"destination_droplet_ids":[],"destination_kubernetes_ids":[],"destination_load_balancer_uids":[],"destination_tags":[],"port_range":"53","protocol":"udp"}],"pending_changes":[],"status":"succeeded","tags":[]},"sensitive_attributes":[],"private":"bnVsbA==","dependencies":["digitalocean_droplet.web"]}]},{"mode":"managed","type":"digitalocean_loadbalancer","name":"public","provider":"provider[\"registry.opentofu.org/digitalocean/digitalocean\"]","instances":[{"schema_version":1,"attributes":{"algorithm":"round_robin","disable_lets_encrypt_dns_records":false,"domains":[],"droplet_ids":[458813280],"droplet_tag":"","enable_backend_keepalive":false,"enable_proxy_protocol":false,"firewall":[],"forwarding_rule":[{"certificate_id":"","certificate_name":"","entry_port":80,"entry_protocol":"http","target_port":80,"target_protocol":"http","tls_passthrough":false}],"glb_settings":null,"healthcheck":[{"check_interval_seconds":10,"healthy_threshold":5,"path":"","port":22,"protocol":"tcp","response_timeout_seconds":5,"unhealthy_threshold":3}],"http_idle_timeout_seconds":60,"id":"9d53a33d-da33-4b93-a3d9-ab6550e24cca","ip":"138.197.240.63","name":"loadbalancer-1","network":null,"project_id":"4991367e-abd7-4552-8f04-1a7a3e9557ea","redirect_http_to_https":false,"region":"nyc2","size":null,"size_unit":1,"status":"active","sticky_sessions":[{"cookie_name":"","cookie_ttl_seconds":0,"type":"none"}],"target_load_balancer_ids":[],"type":null,"urn":"do:loadbalancer:9d53a33d-da33-4b93-a3d9-ab6550e24cca","vpc_uuid":"2141b224-d97f-4d74-8de6-addf4d09bb2a"},"sensitive_attributes":[],"private":"eyJzY2hlbWFfdmVyc2lvbiI6IjEifQ==","dependencies":["digitalocean_droplet.web"]}]}],"check_results":null}
